
Microsoft Visual Studio Solution File, Format Version 12.00
# Visual Studio 15
VisualStudioVersion = 15.0.28307.329
MinimumVisualStudioVersion = 10.0.40219.1
Project("{FAE04EC0-301F-11D3-BF4B-00C04F79EFBC}") = "GettingStarted", "GettingStarted\GettingStarted.csproj", "{D296D522-AEA8-458C-96D9-8B43654B4C42}"
EndProject
Global
	GlobalSection(SolutionConfigurationPlatforms) = preSolution
		Debug|Any CPU = Debug|Any CPU
		Release|Any CPU = Release|Any CPU
	EndGlobalSection
	GlobalSection(ProjectConfigurationPlatforms) = postSolution
		{D296D522-AEA8-458C-96D9-8B43654B4C42}.Debug|Any CPU.ActiveCfg = Debug|Any CPU
		{D296D522-AEA8-458C-96D9-8B43654B4C42}.Debug|Any CPU.Build.0 = Debug|Any CPU
		{D296D522-AEA8-458C-96D9-8B43654B4C42}.Release|Any CPU.ActiveCfg = Release|Any CPU
		{D296D522-AEA8-458C-96D9-8B43654B4C42}.Release|Any CPU.Build.0 = Release|Any CPU
	EndGlobalSection
	GlobalSection(SolutionProperties) = preSolution
		HideSolutionNode = FALSE
	EndGlobalSection
	GlobalSection(ExtensibilityGlobals) = postSolution
		SolutionGuid = {B2A81A27-2868-4648-9EBD-12C2318F748D}
	EndGlobalSection
EndGlobal
